dependencies:
- name: postgresql
  repository: https://charts.bitnami.com/bitnami
  version: 10.2.1
- name: hydra
  repository: https://k8s.ory.sh/helm/charts
  version: 0.5.0
- name: influxdb
  repository: https://helm.influxdata.com/
  version: 4.8.10
- name: mongodb
  repository: https://charts.bitnami.com/bitnami
  version: 10.3.3
- name: rabbitmq
  repository: https://charts.bitnami.com/bitnami
  version: 8.6.1
- name: redis
  repository: https://charts.bitnami.com/bitnami
  version: 12.2.4
- name: openldap
  repository: https://jp-gouin.github.io/helm-openldap/
  version: 2.0.4
- name: neo4j
  repository: ""
  version: 4.2.0-1
- name: auth_api
  repository: ""
  version: 0.1.0
- name: config_api
  repository: ""
  version: 0.1.0
- name: data_api
  repository: ""
  version: 0.1.0
- name: management_api
  repository: ""
  version: 0.1.0
- name: faces_archive_api
  repository: ""
  version: 0.1.0
- name: ftp
  repository: ""
  version: 0.1.0
- name: h5serv
  repository: ""
  version: 0.1.0
- name: nginx
  repository: ""
  version: 0.1.0
digest: sha256:895f7cfe9dc70a6222017ff2b3aee5c43608bc57d64b36616e3ee6082132f7ed
generated: "2021-01-04T18:53:42.910641-08:00"
